// !$*UTF8*$!
{
	archiveVersion = 1;
	classes = {
	};
	objectVersion = 46;
	objects = {

/* Begin PBXBuildFile section */
		650DCCBD1F2623E300881EB7 /* AccountR.swift in Sources */ = {isa = PBXBuildFile; fileRef = 650DCCBC1F2623E300881EB7 /* AccountR.swift */; };
		650DCCBF1F262D9E00881EB7 /* CategoryR.swift in Sources */ = {isa = PBXBuildFile; fileRef = 650DCCBE1F262D9E00881EB7 /* CategoryR.swift */; };
		650DCCC11F262EBF00881EB7 /* BudgetR.swift in Sources */ = {isa = PBXBuildFile; fileRef = 650DCCC01F262EBF00881EB7 /* BudgetR.swift */; };
		650DCCC31F26310000881EB7 /* DatabaseManagerR.swift in Sources */ = {isa = PBXBuildFile; fileRef = 650DCCC21F26310000881EB7 /* DatabaseManagerR.swift */; };
		650DCD071F2A37A500881EB7 /* ReportTableViewCell.swift in Sources */ = {isa = PBXBuildFile; fileRef = 650DCD061F2A37A500881EB7 /* ReportTableViewCell.swift */; };
		65AE1ACF1F1CE2A800355DF7 /* AppDelegate.swift in Sources */ = {isa = PBXBuildFile; fileRef = 65AE1ACE1F1CE2A800355DF7 /* AppDelegate.swift */; };
		65AE1AD41F1CE2A800355DF7 /* Main.storyboard in Resources */ = {isa = PBXBuildFile; fileRef = 65AE1AD21F1CE2A800355DF7 /* Main.storyboard */; };
		65AE1AD61F1CE2A800355DF7 /* Assets.xcassets in Resources */ = {isa = PBXBuildFile; fileRef = 65AE1AD51F1CE2A800355DF7 /* Assets.xcassets */; };
		65AE1AD91F1CE2A800355DF7 /* LaunchScreen.storyboard in Resources */ = {isa = PBXBuildFile; fileRef = 65AE1AD71F1CE2A800355DF7 /* LaunchScreen.storyboard */; };
		65AE1B011F1CF0D900355DF7 /* CategoryTableViewController.swift in Sources */ = {isa = PBXBuildFile; fileRef = 65AE1B001F1CF0D900355DF7 /* CategoryTableViewController.swift */; };
		65AE1B051F1CF86B00355DF7 /* save.png in Resources */ = {isa = PBXBuildFile; fileRef = 65AE1B041F1CF86B00355DF7 /* save.png */; };
		65AE1B071F1CF87800355DF7 /* cancel.png in Resources */ = {isa = PBXBuildFile; fileRef = 65AE1B061F1CF87800355DF7 /* cancel.png */; };
		65AE1B091F1CFDA600355DF7 /* CategoryPopupViewController.swift in Sources */ = {isa = PBXBuildFile; fileRef = 65AE1B081F1CFDA600355DF7 /* CategoryPopupViewController.swift */; };
		65AE1B2B1F1D40CD00355DF7 /* Category.swift in Sources */ = {isa = PBXBuildFile; fileRef = 65AE1B2A1F1D40CD00355DF7 /* Category.swift */; };
		65AE1B2E1F1D410900355DF7 /* Account.swift in Sources */ = {isa = PBXBuildFile; fileRef = 65AE1B2D1F1D410900355DF7 /* Account.swift */; };
		65AE1B301F1D411800355DF7 /* Budget.swift in Sources */ = {isa = PBXBuildFile; fileRef = 65AE1B2F1F1D411800355DF7 /* Budget.swift */; };
		65AE1B321F1D451900355DF7 /* MyPattern.swift in Sources */ = {isa = PBXBuildFile; fileRef = 65AE1B311F1D451900355DF7 /* MyPattern.swift */; };
		65AE1B341F1D4CE400355DF7 /* AccountPopupViewController.swift in Sources */ = {isa = PBXBuildFile; fileRef = 65AE1B331F1D4CE400355DF7 /* AccountPopupViewController.swift */; };
		65AE1B381F1D4FBE00355DF7 /* date.png in Resources */ = {isa = PBXBuildFile; fileRef = 65AE1B371F1D4FBE00355DF7 /* date.png */; };
		65AE1B3A1F1E3C9200355DF7 /* BudgetPopupViewController.swift in Sources */ = {isa = PBXBuildFile; fileRef = 65AE1B391F1E3C9200355DF7 /* BudgetPopupViewController.swift */; };
		65AE1B3C1F1E626700355DF7 /* click.png in Resources */ = {isa = PBXBuildFile; fileRef = 65AE1B3B1F1E626700355DF7 /* click.png */; };
		65AE1B3E1F1E6F2C00355DF7 /* AccountTableViewController.swift in Sources */ = {isa = PBXBuildFile; fileRef = 65AE1B3D1F1E6F2C00355DF7 /* AccountTableViewController.swift */; };
		65AE1B401F1E712000355DF7 /* BudgetTableViewController.swift in Sources */ = {isa = PBXBuildFile; fileRef = 65AE1B3F1F1E712000355DF7 /* BudgetTableViewController.swift */; };
		65AE1B421F1E717700355DF7 /* ReportViewController.swift in Sources */ = {isa = PBXBuildFile; fileRef = 65AE1B411F1E717700355DF7 /* ReportViewController.swift */; };
		65AE1B441F1E757100355DF7 /* AccountTableViewCell.swift in Sources */ = {isa = PBXBuildFile; fileRef = 65AE1B431F1E757100355DF7 /* AccountTableViewCell.swift */; };
		65AE1B461F1E894C00355DF7 /* BudgetTableViewCell.swift in Sources */ = {isa = PBXBuildFile; fileRef = 65AE1B451F1E894C00355DF7 /* BudgetTableViewCell.swift */; };
		92DC181AAEA2D2E1CFE07BB2 /* Pods_Budget.framework in Frameworks */ = {isa = PBXBuildFile; fileRef = 7B1139733EEAA71D00F6A483 /* Pods_Budget.framework */; };
/* End PBXBuildFile section */

/* Begin PBXFileReference section */
		46FB4D3B4B86F011C8BA7911 /* Pods-Budget.release.xcconfig */ = {isa = PBXFileReference; includeInIndex = 1; lastKnownFileType = text.xcconfig; name = "Pods-Budget.release.xcconfig"; path = "Pods/Target Support Files/Pods-Budget/Pods-Budget.release.xcconfig"; sourceTree = "<group>"; };
		650DCCBC1F2623E300881EB7 /* AccountR.swift */ = {isa = PBXFileReference; fileEncoding = 4; lastKnownFileType = sourcecode.swift; path = AccountR.swift; sourceTree = "<group>"; };
		650DCCBE1F262D9E00881EB7 /* CategoryR.swift */ = {isa = PBXFileReference; fileEncoding = 4; lastKnownFileType = sourcecode.swift; path = CategoryR.swift; sourceTree = "<group>"; };
		650DCCC01F262EBF00881EB7 /* BudgetR.swift */ = {isa = PBXFileReference; fileEncoding = 4; lastKnownFileType = sourcecode.swift; path = BudgetR.swift; sourceTree = "<group>"; };
		650DCCC21F26310000881EB7 /* DatabaseManagerR.swift */ = {isa = PBXFileReference; fileEncoding = 4; lastKnownFileType = sourcecode.swift; path = DatabaseManagerR.swift; sourceTree = "<group>"; };
		650DCD061F2A37A500881EB7 /* ReportTableViewCell.swift */ = {isa = PBXFileReference; fileEncoding = 4; lastKnownFileType = sourcecode.swift; path = ReportTableViewCell.swift; sourceTree = "<group>"; };
		65AE1ACB1F1CE2A800355DF7 /* Budget.app */ = {isa = PBXFileReference; explicitFileType = wrapper.application; includeInIndex = 0; path = Budget.app; sourceTree = BUILT_PRODUCTS_DIR; };
		65AE1ACE1F1CE2A800355DF7 /* AppDelegate.swift */ = {isa = PBXFileReference; lastKnownFileType = sourcecode.swift; path = AppDelegate.swift; sourceTree = "<group>"; };
		65AE1AD31F1CE2A800355DF7 /* Base */ = {isa = PBXFileReference; lastKnownFileType = file.storyboard; name = Base; path = Base.lproj/Main.storyboard; sourceTree = "<group>"; };
		65AE1AD51F1CE2A800355DF7 /* Assets.xcassets */ = {isa = PBXFileReference; lastKnownFileType = folder.assetcatalog; path = Assets.xcassets; sourceTree = "<group>"; };
		65AE1AD81F1CE2A800355DF7 /* Base */ = {isa = PBXFileReference; lastKnownFileType = file.storyboard; name = Base; path = Base.lproj/LaunchScreen.storyboard; sourceTree = "<group>"; };
		65AE1ADA1F1CE2A800355DF7 /* Info.plist */ = {isa = PBXFileReference; lastKnownFileType = text.plist.xml; path = Info.plist; sourceTree = "<group>"; };
		65AE1B001F1CF0D900355DF7 /* CategoryTableViewController.swift */ = {isa = PBXFileReference; fileEncoding = 4; lastKnownFileType = sourcecode.swift; path = CategoryTableViewController.swift; sourceTree = "<group>"; };
		65AE1B041F1CF86B00355DF7 /* save.png */ = {isa = PBXFileReference; lastKnownFileType = image.png; path = save.png; sourceTree = "<group>"; };
		65AE1B061F1CF87800355DF7 /* cancel.png */ = {isa = PBXFileReference; lastKnownFileType = image.png; path = cancel.png; sourceTree = "<group>"; };
		65AE1B081F1CFDA600355DF7 /* CategoryPopupViewController.swift */ = {isa = PBXFileReference; fileEncoding = 4; lastKnownFileType = sourcecode.swift; path = CategoryPopupViewController.swift; sourceTree = "<group>"; };
		65AE1B2A1F1D40CD00355DF7 /* Category.swift */ = {isa = PBXFileReference; fileEncoding = 4; lastKnownFileType = sourcecode.swift; path = Category.swift; sourceTree = "<group>"; };
		65AE1B2D1F1D410900355DF7 /* Account.swift */ = {isa = PBXFileReference; fileEncoding = 4; lastKnownFileType = sourcecode.swift; path = Account.swift; sourceTree = "<group>"; };
		65AE1B2F1F1D411800355DF7 /* Budget.swift */ = {isa = PBXFileReference; fileEncoding = 4; lastKnownFileType = sourcecode.swift; path = Budget.swift; sourceTree = "<group>"; };
		65AE1B311F1D451900355DF7 /* MyPattern.swift */ = {isa = PBXFileReference; fileEncoding = 4; lastKnownFileType = sourcecode.swift; path = MyPattern.swift; sourceTree = "<group>"; };
		65AE1B331F1D4CE400355DF7 /* AccountPopupViewController.swift */ = {isa = PBXFileReference; fileEncoding = 4; lastKnownFileType = sourcecode.swift; path = AccountPopupViewController.swift; sourceTree = "<group>"; };
		65AE1B371F1D4FBE00355DF7 /* date.png */ = {isa = PBXFileReference; lastKnownFileType = image.png; path = date.png; sourceTree = "<group>"; };
		65AE1B391F1E3C9200355DF7 /* BudgetPopupViewController.swift */ = {isa = PBXFileReference; fileEncoding = 4; lastKnownFileType = sourcecode.swift; path = BudgetPopupViewController.swift; sourceTree = "<group>"; };
		65AE1B3B1F1E626700355DF7 /* click.png */ = {isa = PBXFileReference; lastKnownFileType = image.png; path = click.png; sourceTree = "<group>"; };
		65AE1B3D1F1E6F2C00355DF7 /* AccountTableViewController.swift */ = {isa = PBXFileReference; fileEncoding = 4; lastKnownFileType = sourcecode.swift; path = AccountTableViewController.swift; sourceTree = "<group>"; };
		65AE1B3F1F1E712000355DF7 /* BudgetTableViewController.swift */ = {isa = PBXFileReference; fileEncoding = 4; lastKnownFileType = sourcecode.swift; path = BudgetTableViewController.swift; sourceTree = "<group>"; };
		65AE1B411F1E717700355DF7 /* ReportViewController.swift */ = {isa = PBXFileReference; fileEncoding = 4; lastKnownFileType = sourcecode.swift; path = ReportViewController.swift; sourceTree = "<group>"; };
		65AE1B431F1E757100355DF7 /* AccountTableViewCell.swift */ = {isa = PBXFileReference; fileEncoding = 4; lastKnownFileType = sourcecode.swift; path = AccountTableViewCell.swift; sourceTree = "<group>"; };
		65AE1B451F1E894C00355DF7 /* BudgetTableViewCell.swift */ = {isa = PBXFileReference; fileEncoding = 4; lastKnownFileType = sourcecode.swift; path = BudgetTableViewCell.swift; sourceTree = "<group>"; };
		7B1139733EEAA71D00F6A483 /* Pods_Budget.framework */ = {isa = PBXFileReference; explicitFileType = wrapper.framework; includeInIndex = 0; path = Pods_Budget.framework; sourceTree = BUILT_PRODUCTS_DIR; };
		A707093A0CA52E6096E43EDA /* Pods-Budget.debug.xcconfig */ = {isa = PBXFileReference; includeInIndex = 1; lastKnownFileType = text.xcconfig; name = "Pods-Budget.debug.xcconfig"; path = "Pods/Target Support Files/Pods-Budget/Pods-Budget.debug.xcconfig"; sourceTree = "<group>"; };
/* End PBXFileReference section */

/* Begin PBXFrameworksBuildPhase section */
		65AE1AC81F1CE2A800355DF7 /* Frameworks */ = {
			isa = PBXFrameworksBuildPhase;
			buildActionMask = 2147483647;
			files = (
				92DC181AAEA2D2E1CFE07BB2 /* Pods_Budget.framework in Frameworks */,
			);
			runOnlyForDeploymentPostprocessing = 0;
		};
/* End PBXFrameworksBuildPhase section */

/* Begin PBXGroup section */
		50BEDF53531797D0D791196F /* Frameworks */ = {
			isa = PBXGroup;
			children = (
				7B1139733EEAA71D00F6A483 /* Pods_Budget.framework */,
			);
			name = Frameworks;
			sourceTree = "<group>";
		};
		650DCCBB1F2623B300881EB7 /* DatabaseModel */ = {
			isa = PBXGroup;
			children = (
				650DCCBC1F2623E300881EB7 /* AccountR.swift */,
				650DCCBE1F262D9E00881EB7 /* CategoryR.swift */,
				650DCCC01F262EBF00881EB7 /* BudgetR.swift */,
				650DCCC21F26310000881EB7 /* DatabaseManagerR.swift */,
			);
			name = DatabaseModel;
			sourceTree = "<group>";
		};
		65AE1AC21F1CE2A800355DF7 = {
			isa = PBXGroup;
			children = (
				650DCCBB1F2623B300881EB7 /* DatabaseModel */,
				65AE1ACD1F1CE2A800355DF7 /* Budget */,
				65AE1ACC1F1CE2A800355DF7 /* Products */,
				9295D4B7FC3D74A3BE320A43 /* Pods */,
				50BEDF53531797D0D791196F /* Frameworks */,
			);
			sourceTree = "<group>";
		};
		65AE1ACC1F1CE2A800355DF7 /* Products */ = {
			isa = PBXGroup;
			children = (
				65AE1ACB1F1CE2A800355DF7 /* Budget.app */,
			);
			name = Products;
			sourceTree = "<group>";
		};
		65AE1ACD1F1CE2A800355DF7 /* Budget */ = {
			isa = PBXGroup;
			children = (
				65AE1AD21F1CE2A800355DF7 /* Main.storyboard */,
				65AE1B001F1CF0D900355DF7 /* CategoryTableViewController.swift */,
				65AE1B081F1CFDA600355DF7 /* CategoryPopupViewController.swift */,
				65AE1B3D1F1E6F2C00355DF7 /* AccountTableViewController.swift */,
				65AE1B431F1E757100355DF7 /* AccountTableViewCell.swift */,
				65AE1B331F1D4CE400355DF7 /* AccountPopupViewController.swift */,
				65AE1B411F1E717700355DF7 /* ReportViewController.swift */,
				65AE1B3F1F1E712000355DF7 /* BudgetTableViewController.swift */,
				65AE1B451F1E894C00355DF7 /* BudgetTableViewCell.swift */,
				65AE1B391F1E3C9200355DF7 /* BudgetPopupViewController.swift */,
				650DCD061F2A37A500881EB7 /* ReportTableViewCell.swift */,
				65AE1B2C1F1D40E100355DF7 /* Model */,
				65AE1B031F1CF83000355DF7 /* Picture */,
				65AE1B021F1CF10C00355DF7 /* Service */,
			);
			path = Budget;
			sourceTree = "<group>";
		};
		65AE1B021F1CF10C00355DF7 /* Service */ = {
			isa = PBXGroup;
			children = (
				65AE1ACE1F1CE2A800355DF7 /* AppDelegate.swift */,
				65AE1AD51F1CE2A800355DF7 /* Assets.xcassets */,
				65AE1AD71F1CE2A800355DF7 /* LaunchScreen.storyboard */,
				65AE1ADA1F1CE2A800355DF7 /* Info.plist */,
			);
			name = Service;
			sourceTree = "<group>";
		};
		65AE1B031F1CF83000355DF7 /* Picture */ = {
			isa = PBXGroup;
			children = (
				65AE1B3B1F1E626700355DF7 /* click.png */,
				65AE1B371F1D4FBE00355DF7 /* date.png */,
				65AE1B061F1CF87800355DF7 /* cancel.png */,
				65AE1B041F1CF86B00355DF7 /* save.png */,
			);
			name = Picture;
			sourceTree = "<group>";
		};
		65AE1B2C1F1D40E100355DF7 /* Model */ = {
			isa = PBXGroup;
			children = (
				65AE1B2A1F1D40CD00355DF7 /* Category.swift */,
				65AE1B2D1F1D410900355DF7 /* Account.swift */,
				65AE1B2F1F1D411800355DF7 /* Budget.swift */,
				65AE1B311F1D451900355DF7 /* MyPattern.swift */,
			);
			name = Model;
			sourceTree = "<group>";
		};
		9295D4B7FC3D74A3BE320A43 /* Pods */ = {
			isa = PBXGroup;
			children = (
				A707093A0CA52E6096E43EDA /* Pods-Budget.debug.xcconfig */,
				46FB4D3B4B86F011C8BA7911 /* Pods-Budget.release.xcconfig */,
			);
			name = Pods;
			sourceTree = "<group>";
		};
/* End PBXGroup section */

/* Begin PBXNativeTarget section */
		65AE1ACA1F1CE2A800355DF7 /* Budget */ = {
			isa = PBXNativeTarget;
			buildConfigurationList = 65AE1ADD1F1CE2A800355DF7 /* Build configuration list for PBXNativeTarget "Budget" */;
			buildPhases = (
				8CB432FA3E10543BECC3182D /* [CP] Check Pods Manifest.lock */,
				65AE1AC71F1CE2A800355DF7 /* Sources */,
				65AE1AC81F1CE2A800355DF7 /* Frameworks */,
				65AE1AC91F1CE2A800355DF7 /* Resources */,
				F4B793770FE42006459D385A /* [CP] Embed Pods Frameworks */,
				891E7A8C420DDD37D6127C87 /* [CP] Copy Pods Resources */,
			);
			buildRules = (
			);
			dependencies = (
			);
			name = Budget;
			productName = Budget;
			productReference = 65AE1ACB1F1CE2A800355DF7 /* Budget.app */;
			productType = "com.apple.product-type.application";
		};
/* End PBXNativeTarget section */

/* Begin PBXProject section */
		65AE1AC31F1CE2A800355DF7 /* Project object */ = {
			isa = PBXProject;
			attributes = {
				LastSwiftUpdateCheck = 0830;
				LastUpgradeCheck = 0830;
				ORGANIZATIONNAME = "Siamak Mohseni Sam";
				TargetAttributes = {
					65AE1ACA1F1CE2A800355DF7 = {
						CreatedOnToolsVersion = 8.3.3;
						ProvisioningStyle = Automatic;
					};
				};
			};
			buildConfigurationList = 65AE1AC61F1CE2A800355DF7 /* Build configuration list for PBXProject "Budget" */;
			compatibilityVersion = "Xcode 3.2";
			developmentRegion = English;
			hasScannedForEncodings = 0;
			knownRegions = (
				en,
				Base,
			);
			mainGroup = 65AE1AC21F1CE2A800355DF7;
			productRefGroup = 65AE1ACC1F1CE2A800355DF7 /* Products */;
			projectDirPath = "";
			projectRoot = "";
			targets = (
				65AE1ACA1F1CE2A800355DF7 /* Budget */,
			);
		};
/* End PBXProject section */

/* Begin PBXResourcesBuildPhase section */
		65AE1AC91F1CE2A800355DF7 /* Resources */ = {
			isa = PBXResourcesBuildPhase;
			buildActionMask = 2147483647;
			files = (
				65AE1AD91F1CE2A800355DF7 /* LaunchScreen.storyboard in Resources */,
				65AE1B3C1F1E626700355DF7 /* click.png in Resources */,
				65AE1AD61F1CE2A800355DF7 /* Assets.xcassets in Resources */,
				65AE1B051F1CF86B00355DF7 /* save.png in Resources */,
				65AE1B381F1D4FBE00355DF7 /* date.png in Resources */,
				65AE1B071F1CF87800355DF7 /* cancel.png in Resources */,
				65AE1AD41F1CE2A800355DF7 /* Main.storyboard in Resources */,
			);
			runOnlyForDeploymentPostprocessing = 0;
		};
/* End PBXResourcesBuildPhase section */

/* Begin PBXShellScriptBuildPhase section */
		891E7A8C420DDD37D6127C87 /* [CP] Copy Pods Resources */ = {
			isa = PBXShellScriptBuildPhase;
			buildActionMask = 2147483647;
			files = (
			);
			inputPaths = (
			);
			name = "[CP] Copy Pods Resources";
			outputPaths = (
			);
			runOnlyForDeploymentPostprocessing = 0;
			shellPath = /bin/sh;
			shellScript = "\"${SRCROOT}/Pods/Target Support Files/Pods-Budget/Pods-Budget-resources.sh\"\n";
			showEnvVarsInLog = 0;
		};
		8CB432FA3E10543BECC3182D /* [CP] Check Pods Manifest.lock */ = {
			isa = PBXShellScriptBuildPhase;
			buildActionMask = 2147483647;
			files = (
			);
			inputPaths = (
			);
			name = "[CP] Check Pods Manifest.lock";
			outputPaths = (
			);
			runOnlyForDeploymentPostprocessing = 0;
			shellPath = /bin/sh;
			shellScript = "diff \"${PODS_PODFILE_DIR_PATH}/Podfile.lock\" \"${PODS_ROOT}/Manifest.lock\" > /dev/null\nif [ $? != 0 ] ; then\n    # print error to STDERR\n    echo \"error: The sandbox is not in sync with the Podfile.lock. Run 'pod install' or update your CocoaPods installation.\" >&2\n    exit 1\nfi\n";
			showEnvVarsInLog = 0;
		};
		F4B793770FE42006459D385A /* [CP] Embed Pods Frameworks */ = {
			isa = PBXShellScriptBuildPhase;
			buildActionMask = 2147483647;
			files = (
			);
			inputPaths = (
			);
			name = "[CP] Embed Pods Frameworks";
			outputPaths = (
			);
			runOnlyForDeploymentPostprocessing = 0;
			shellPath = /bin/sh;
			shellScript = "\"${SRCROOT}/Pods/Target Support Files/Pods-Budget/Pods-Budget-frameworks.sh\"\n";
			showEnvVarsInLog = 0;
		};
/* End PBXShellScriptBuildPhase section */

/* Begin PBXSourcesBuildPhase section */
		65AE1AC71F1CE2A800355DF7 /* Sources */ = {
			isa = PBXSourcesBuildPhase;
			buildActionMask = 2147483647;
			files = (
				65AE1B441F1E757100355DF7 /* AccountTableViewCell.swift in Sources */,
				65AE1B2E1F1D410900355DF7 /* Account.swift in Sources */,
				650DCCBD1F2623E300881EB7 /* AccountR.swift in Sources */,
				65AE1B401F1E712000355DF7 /* BudgetTableViewController.swift in Sources */,
				650DCD071F2A37A500881EB7 /* ReportTableViewCell.swift in Sources */,
				650DCCC11F262EBF00881EB7 /* BudgetR.swift in Sources */,
				65AE1ACF1F1CE2A800355DF7 /* AppDelegate.swift in Sources */,
				65AE1B301F1D411800355DF7 /* Budget.swift in Sources */,
				65AE1B011F1CF0D900355DF7 /* CategoryTableViewController.swift in Sources */,
				65AE1B3A1F1E3C9200355DF7 /* BudgetPopupViewController.swift in Sources */,
				65AE1B091F1CFDA600355DF7 /* CategoryPopupViewController.swift in Sources */,
				65AE1B3E1F1E6F2C00355DF7 /* AccountTableViewController.swift in Sources */,
				650DCCBF1F262D9E00881EB7 /* CategoryR.swift in Sources */,
				65AE1B421F1E717700355DF7 /* ReportViewController.swift in Sources */,
				650DCCC31F26310000881EB7 /* DatabaseManagerR.swift in Sources */,
				65AE1B2B1F1D40CD00355DF7 /* Category.swift in Sources */,
				65AE1B341F1D4CE400355DF7 /* AccountPopupViewController.swift in Sources */,
				65AE1B461F1E894C00355DF7 /* BudgetTableViewCell.swift in Sources */,
				65AE1B321F1D451900355DF7 /* MyPattern.swift in Sources */,
			);
			runOnlyForDeploymentPostprocessing = 0;
		};
/* End PBXSourcesBuildPhase section */

/* Begin PBXVariantGroup section */
		65AE1AD21F1CE2A800355DF7 /* Main.storyboard */ = {
			isa = PBXVariantGroup;
			children = (
				65AE1AD31F1CE2A800355DF7 /* Base */,
			);
			name = Main.storyboard;
			sourceTree = "<group>";
		};
		65AE1AD71F1CE2A800355DF7 /* LaunchScreen.storyboard */ = {
			isa = PBXVariantGroup;
			children = (
				65AE1AD81F1CE2A800355DF7 /* Base */,
			);
			name = LaunchScreen.storyboard;
			sourceTree = "<group>";
		};
/* End PBXVariantGroup section */

/* Begin XCBuildConfiguration section */
		65AE1ADB1F1CE2A800355DF7 /* Debug */ = {
			isa = XCBuildConfiguration;
			buildSettings = {
				ALWAYS_SEARCH_USER_PATHS = NO;
				CLANG_ANALYZER_NONNULL = YES;
				CLANG_ANALYZER_NUMBER_OBJECT_CONVERSION = YES_AGGRESSIVE;
				CLANG_CXX_LANGUAGE_STANDARD = "gnu++0x";
				CLANG_CXX_LIBRARY = "libc++";
				CLANG_ENABLE_MODULES = YES;
				CLANG_ENABLE_OBJC_ARC = YES;
				CLANG_WARN_BOOL_CONVERSION = YES;
				CLANG_WARN_CONSTANT_CONVERSION = YES;
				CLANG_WARN_DIRECT_OBJC_ISA_USAGE = YES_ERROR;
				CLANG_WARN_DOCUMENTATION_COMMENTS = YES;
				CLANG_WARN_EMPTY_BODY = YES;
				CLANG_WARN_ENUM_CONVERSION = YES;
				CLANG_WARN_INFINITE_RECURSION = YES;
				CLANG_WARN_INT_CONVERSION = YES;
				CLANG_WARN_OBJC_ROOT_CLASS = YES_ERROR;
				CLANG_WARN_SUSPICIOUS_MOVE = YES;
				CLANG_WARN_UNREACHABLE_CODE = YES;
				CLANG_WARN__DUPLICATE_METHOD_MATCH = YES;
				"CODE_SIGN_IDENTITY[sdk=iphoneos*]" = "iPhone Developer";
				COPY_PHASE_STRIP = NO;
				DEBUG_INFORMATION_FORMAT = dwarf;
				ENABLE_STRICT_OBJC_MSGSEND = YES;
				ENABLE_TESTABILITY = YES;
				GCC_C_LANGUAGE_STANDARD = gnu99;
				GCC_DYNAMIC_NO_PIC = NO;
				GCC_NO_COMMON_BLOCKS = YES;
				GCC_OPTIMIZATION_LEVEL = 0;
				GCC_PREPROCESSOR_DEFINITIONS = (
					"DEBUG=1",
					"$(inherited)",
				);
				GCC_WARN_64_TO_32_BIT_CONVERSION = YES;
				GCC_WARN_ABOUT_RETURN_TYPE = YES_ERROR;
				GCC_WARN_UNDECLARED_SELECTOR = YES;
				GCC_WARN_UNINITIALIZED_AUTOS = YES_AGGRESSIVE;
				GCC_WARN_UNUSED_FUNCTION = YES;
				GCC_WARN_UNUSED_VARIABLE = YES;
				IPHONEOS_DEPLOYMENT_TARGET = 10.3;
				MTL_ENABLE_DEBUG_INFO = YES;
				ONLY_ACTIVE_ARCH = YES;
				SDKROOT = iphoneos;
				SWIFT_ACTIVE_COMPILATION_CONDITIONS = DEBUG;
				SWIFT_OPTIMIZATION_LEVEL = "-Onone";
				TARGETED_DEVICE_FAMILY = "1,2";
			};
			name = Debug;
		};
		65AE1ADC1F1CE2A800355DF7 /* Release */ = {
			isa = XCBuildConfiguration;
			buildSettings = {
				ALWAYS_SEARCH_USER_PATHS = NO;
				CLANG_ANALYZER_NONNULL = YES;
				CLANG_ANALYZER_NUMBER_OBJECT_CONVERSION = YES_AGGRESSIVE;
				CLANG_CXX_LANGUAGE_STANDARD = "gnu++0x";
				CLANG_CXX_LIBRARY = "libc++";
				CLANG_ENABLE_MODULES = YES;
				CLANG_ENABLE_OBJC_ARC = YES;
				CLANG_WARN_BOOL_CONVERSION = YES;
				CLANG_WARN_CONSTANT_CONVERSION = YES;
				CLANG_WARN_DIRECT_OBJC_ISA_USAGE = YES_ERROR;
				CLANG_WARN_DOCUMENTATION_COMMENTS = YES;
				CLANG_WARN_EMPTY_BODY = YES;
				CLANG_WARN_ENUM_CONVERSION = YES;
				CLANG_WARN_INFINITE_RECURSION = YES;
				CLANG_WARN_INT_CONVERSION = YES;
				CLANG_WARN_OBJC_ROOT_CLASS = YES_ERROR;
				CLANG_WARN_SUSPICIOUS_MOVE = YES;
				CLANG_WARN_UNREACHABLE_CODE = YES;
				CLANG_WARN__DUPLICATE_METHOD_MATCH = YES;
				"CODE_SIGN_IDENTITY[sdk=iphoneos*]" = "iPhone Developer";
				COPY_PHASE_STRIP = NO;
				DEBUG_INFORMATION_FORMAT = "dwarf-with-dsym";
				ENABLE_NS_ASSERTIONS = NO;
				ENABLE_STRICT_OBJC_MSGSEND = YES;
				GCC_C_LANGUAGE_STANDARD = gnu99;
				GCC_NO_COMMON_BLOCKS = YES;
				GCC_WARN_64_TO_32_BIT_CONVERSION = YES;
				GCC_WARN_ABOUT_RETURN_TYPE = YES_ERROR;
				GCC_WARN_UNDECLARED_SELECTOR = YES;
				GCC_WARN_UNINITIALIZED_AUTOS = YES_AGGRESSIVE;
				GCC_WARN_UNUSED_FUNCTION = YES;
				GCC_WARN_UNUSED_VARIABLE = YES;
				IPHONEOS_DEPLOYMENT_TARGET = 10.3;
				MTL_ENABLE_DEBUG_INFO = NO;
				SDKROOT = iphoneos;
				SWIFT_OPTIMIZATION_LEVEL = "-Owholemodule";
				TARGETED_DEVICE_FAMILY = "1,2";
				VALIDATE_PRODUCT = YES;
			};
			name = Release;
		};
		65AE1ADE1F1CE2A800355DF7 /* Debug */ = {
			isa = XCBuildConfiguration;
			baseConfigurationReference = A707093A0CA52E6096E43EDA /* Pods-Budget.debug.xcconfig */;
			buildSettings = {
				ASSETCATALOG_COMPILER_APPICON_NAME = AppIcon;
				INFOPLIST_FILE = Budget/Info.plist;
				LD_RUNPATH_SEARCH_PATHS = "$(inherited) @executable_path/Frameworks";
				PRODUCT_BUNDLE_IDENTIFIER = com.ios.sam.Budget;
				PRODUCT_NAME = "$(TARGET_NAME)";
				SWIFT_VERSION = 3.0;
			};
			name = Debug;
		};
		65AE1ADF1F1CE2A800355DF7 /* Release */ = {
			isa = XCBuildConfiguration;
			baseConfigurationReference = 46FB4D3B4B86F011C8BA7911 /* Pods-Budget.release.xcconfig */;
			buildSettings = {
				ASSETCATALOG_COMPILER_APPICON_NAME = AppIcon;
				INFOPLIST_FILE = Budget/Info.plist;
				LD_RUNPATH_SEARCH_PATHS = "$(inherited) @executable_path/Frameworks";
				PRODUCT_BUNDLE_IDENTIFIER = com.ios.sam.Budget;
				PRODUCT_NAME = "$(TARGET_NAME)";
				SWIFT_VERSION = 3.0;
			};
			name = Release;
		};
/* End XCBuildConfiguration section */

/* Begin XCConfigurationList section */
		65AE1AC61F1CE2A800355DF7 /* Build configuration list for PBXProject "Budget" */ = {
			isa = XCConfigurationList;
			buildConfigurations = (
				65AE1ADB1F1CE2A800355DF7 /* Debug */,
				65AE1ADC1F1CE2A800355DF7 /* Release */,
			);
			defaultConfigurationIsVisible = 0;
			defaultConfigurationName = Release;
		};
		65AE1ADD1F1CE2A800355DF7 /* Build configuration list for PBXNativeTarget "Budget" */ = {
			isa = XCConfigurationList;
			buildConfigurations = (
				65AE1ADE1F1CE2A800355DF7 /* Debug */,
				65AE1ADF1F1CE2A800355DF7 /* Release */,
			);
			defaultConfigurationIsVisible = 0;
			defaultConfigurationName = Release;
		};
/* End XCConfigurationList section */
	};
	rootObject = 65AE1AC31F1CE2A800355DF7 /* Project object */;
}
